// !$*UTF8*$!
{
	archiveVersion = 1;
	classes = {
	};
	objectVersion = 46;
	objects = {

/* Begin PBXBuildFile section */
		634790D41BE185FC003A201A /* AppDelegate.swift in Sources */ = {isa = PBXBuildFile; fileRef = 634790D31BE185FC003A201A /* AppDelegate.swift */; };
		634790D61BE185FC003A201A /* ViewController.swift in Sources */ = {isa = PBXBuildFile; fileRef = 634790D51BE185FC003A201A /* ViewController.swift */; };
		634790D91BE185FC003A201A /* Main.storyboard in Resources */ = {isa = PBXBuildFile; fileRef = 634790D71BE185FC003A201A /* Main.storyboard */; };
		634790DB1BE185FC003A201A /* Images.xcassets in Resources */ = {isa = PBXBuildFile; fileRef = 634790DA1BE185FC003A201A /* Images.xcassets */; };
		634790DE1BE185FC003A201A /* LaunchScreen.xib in Resources */ = {isa = PBXBuildFile; fileRef = 634790DC1BE185FC003A201A /* LaunchScreen.xib */; };
		634790EA1BE185FC003A201A /* biv4Tests.swift in Sources */ = {isa = PBXBuildFile; fileRef = 634790E91BE185FC003A201A /* biv4Tests.swift */; };
/* End PBXBuildFile section */

/* Begin PBXContainerItemProxy section */
		634790E41BE185FC003A201A /* PBXContainerItemProxy */ = {
			isa = PBXContainerItemProxy;
			containerPortal = 634790C61BE185FC003A201A /* Project object */;
			proxyType = 1;
			remoteGlobalIDString = 634790CD1BE185FC003A201A;
			remoteInfo = biv4;
		};
/* End PBXContainerItemProxy section */

/* Begin PBXFileReference section */
		634790CE1BE185FC003A201A /* biv4.app */ = {isa = PBXFileReference; explicitFileType = wrapper.application; includeInIndex = 0; path = biv4.app; sourceTree = BUILT_PRODUCTS_DIR; };
		634790D21BE185FC003A201A /* Info.plist */ = {isa = PBXFileReference; lastKnownFileType = text.plist.xml; path = Info.plist; sourceTree = "<group>"; };
		634790D31BE185FC003A201A /* AppDelegate.swift */ = {isa = PBXFileReference; lastKnownFileType = sourcecode.swift; path = AppDelegate.swift; sourceTree = "<group>"; };
		634790D51BE185FC003A201A /* ViewController.swift */ = {isa = PBXFileReference; lastKnownFileType = sourcecode.swift; path = ViewController.swift; sourceTree = "<group>"; };
		634790D81BE185FC003A201A /* Base */ = {isa = PBXFileReference; lastKnownFileType = file.storyboard; name = Base; path = Base.lproj/Main.storyboard; sourceTree = "<group>"; };
		634790DA1BE185FC003A201A /* Images.xcassets */ = {isa = PBXFileReference; lastKnownFileType = folder.assetcatalog; path = Images.xcassets; sourceTree = "<group>"; };
		634790DD1BE185FC003A201A /* Base */ = {isa = PBXFileReference; lastKnownFileType = file.xib; name = Base; path = Base.lproj/LaunchScreen.xib; sourceTree = "<group>"; };
		634790E31BE185FC003A201A /* biv4Tests.xctest */ = {isa = PBXFileReference; explicitFileType = wrapper.cfbundle; includeInIndex = 0; path = biv4Tests.xctest; sourceTree = BUILT_PRODUCTS_DIR; };
		634790E81BE185FC003A201A /* Info.plist */ = {isa = PBXFileReference; lastKnownFileType = text.plist.xml; path = Info.plist; sourceTree = "<group>"; };
		634790E91BE185FC003A201A /* biv4Tests.swift */ = {isa = PBXFileReference; lastKnownFileType = sourcecode.swift; path = biv4Tests.swift; sourceTree = "<group>"; };
/* End PBXFileReference section */

/* Begin PBXFrameworksBuildPhase section */
		634790CB1BE185FC003A201A /* Frameworks */ = {
			isa = PBXFrameworksBuildPhase;
			buildActionMask = 2147483647;
			files = (
			);
			runOnlyForDeploymentPostprocessing = 0;
		};
		634790E01BE185FC003A201A /* Frameworks */ = {
			isa = PBXFrameworksBuildPhase;
			buildActionMask = 2147483647;
			files = (
			);
			runOnlyForDeploymentPostprocessing = 0;
		};
/* End PBXFrameworksBuildPhase section */

/* Begin PBXGroup section */
		634790C51BE185FC003A201A = {
			isa = PBXGroup;
			children = (
				634790D01BE185FC003A201A /* biv4 */,
				634790E61BE185FC003A201A /* biv4Tests */,
				634790CF1BE185FC003A201A /* Products */,
			);
			sourceTree = "<group>";
		};
		634790CF1BE185FC003A201A /* Products */ = {
			isa = PBXGroup;
			children = (
				634790CE1BE185FC003A201A /* biv4.app */,
				634790E31BE185FC003A201A /* biv4Tests.xctest */,
			);
			name = Products;
			sourceTree = "<group>";
		};
		634790D01BE185FC003A201A /* biv4 */ = {
			isa = PBXGroup;
			children = (
				634790D31BE185FC003A201A /* AppDelegate.swift */,
				634790D51BE185FC003A201A /* ViewController.swift */,
				634790D71BE185FC003A201A /* Main.storyboard */,
				634790DA1BE185FC003A201A /* Images.xcassets */,
				634790DC1BE185FC003A201A /* LaunchScreen.xib */,
				634790D11BE185FC003A201A /* Supporting Files */,
			);
			path = biv4;
			sourceTree = "<group>";
		};
		634790D11BE185FC003A201A /* Supporting Files */ = {
			isa = PBXGroup;
			children = (
				634790D21BE185FC003A201A /* Info.plist */,
			);
			name = "Supporting Files";
			sourceTree = "<group>";
		};
		634790E61BE185FC003A201A /* biv4Tests */ = {
			isa = PBXGroup;
			children = (
				634790E91BE185FC003A201A /* biv4Tests.swift */,
				634790E71BE185FC003A201A /* Supporting Files */,
			);
			path = biv4Tests;
			sourceTree = "<group>";
		};
		634790E71BE185FC003A201A /* Supporting Files */ = {
			isa = PBXGroup;
			children = (
				634790E81BE185FC003A201A /* Info.plist */,
			);
			name = "Supporting Files";
			sourceTree = "<group>";
		};
/* End PBXGroup section */

/* Begin PBXNativeTarget section */
		634790CD1BE185FC003A201A /* biv4 */ = {
			isa = PBXNativeTarget;
			buildConfigurationList = 634790ED1BE185FC003A201A /* Build configuration list for PBXNativeTarget "biv4" */;
			buildPhases = (
				634790CA1BE185FC003A201A /* Sources */,
				634790CB1BE185FC003A201A /* Frameworks */,
				634790CC1BE185FC003A201A /* Resources */,
			);
			buildRules = (
			);
			dependencies = (
			);
			name = biv4;
			productName = biv4;
			productReference = 634790CE1BE185FC003A201A /* biv4.app */;
			productType = "com.apple.product-type.application";
		};
		634790E21BE185FC003A201A /* biv4Tests */ = {
			isa = PBXNativeTarget;
			buildConfigurationList = 634790F01BE185FC003A201A /* Build configuration list for PBXNativeTarget "biv4Tests" */;
			buildPhases = (
				634790DF1BE185FC003A201A /* Sources */,
				634790E01BE185FC003A201A /* Frameworks */,
				634790E11BE185FC003A201A /* Resources */,
			);
			buildRules = (
			);
			dependencies = (
				634790E51BE185FC003A201A /* PBXTargetDependency */,
			);
			name = biv4Tests;
			productName = biv4Tests;
			productReference = 634790E31BE185FC003A201A /* biv4Tests.xctest */;
			productType = "com.apple.product-type.bundle.unit-test";
		};
/* End PBXNativeTarget section */

/* Begin PBXProject section */
		634790C61BE185FC003A201A /* Project object */ = {
			isa = PBXProject;
			attributes = {
				LastUpgradeCheck = 0620;
				ORGANIZATIONNAME = "Skylar Jones";
				TargetAttributes = {
					634790CD1BE185FC003A201A = {
						CreatedOnToolsVersion = 6.2;
					};
					634790E21BE185FC003A201A = {
						CreatedOnToolsVersion = 6.2;
						TestTargetID = 634790CD1BE185FC003A201A;
					};
				};
			};
			buildConfigurationList = 634790C91BE185FC003A201A /* Build configuration list for PBXProject "biv4" */;
			compatibilityVersion = "Xcode 3.2";
			developmentRegion = English;
			hasScannedForEncodings = 0;
			knownRegions = (
				en,
				Base,
			);
			mainGroup = 634790C51BE185FC003A201A;
			productRefGroup = 634790CF1BE185FC003A201A /* Products */;
			projectDirPath = "";
			projectRoot = "";
			targets = (
				634790CD1BE185FC003A201A /* biv4 */,
				634790E21BE185FC003A201A /* biv4Tests */,
			);
		};
/* End PBXProject section */

/* Begin PBXResourcesBuildPhase section */
		634790CC1BE185FC003A201A /* Resources */ = {
			isa = PBXResourcesBuildPhase;
			buildActionMask = 2147483647;
			files = (
				634790D91BE185FC003A201A /* Main.storyboard in Resources */,
				634790DE1BE185FC003A201A /* LaunchScreen.xib in Resources */,
				634790DB1BE185FC003A201A /* Images.xcassets in Resources */,
			);
			runOnlyForDeploymentPostprocessing = 0;
		};
		634790E11BE185FC003A201A /* Resources */ = {
			isa = PBXResourcesBuildPhase;
			buildActionMask = 2147483647;
			files = (
			);
			runOnlyForDeploymentPostprocessing = 0;
		};
/* End PBXResourcesBuildPhase section */

/* Begin PBXSourcesBuildPhase section */
		634790CA1BE185FC003A201A /* Sources */ = {
			isa = PBXSourcesBuildPhase;
			buildActionMask = 2147483647;
			files = (
				634790D61BE185FC003A201A /* ViewController.swift in Sources */,
				634790D41BE185FC003A201A /* AppDelegate.swift in Sources */,
			);
			runOnlyForDeploymentPostprocessing = 0;
		};
		634790DF1BE185FC003A201A /* Sources */ = {
			isa = PBXSourcesBuildPhase;
			buildActionMask = 2147483647;
			files = (
				634790EA1BE185FC003A201A /* biv4Tests.swift in Sources */,
			);
			runOnlyForDeploymentPostprocessing = 0;
		};
/* End PBXSourcesBuildPhase section */

/* Begin PBXTargetDependency section */
		634790E51BE185FC003A201A /* PBXTargetDependency */ = {
			isa = PBXTargetDependency;
			target = 634790CD1BE185FC003A201A /* biv4 */;
			targetProxy = 634790E41BE185FC003A201A /* PBXContainerItemProxy */;
		};
/* End PBXTargetDependency section */

/* Begin PBXVariantGroup section */
		634790D71BE185FC003A201A /* Main.storyboard */ = {
			isa = PBXVariantGroup;
			children = (
				634790D81BE185FC003A201A /* Base */,
			);
			name = Main.storyboard;
			sourceTree = "<group>";
		};
		634790DC1BE185FC003A201A /* LaunchScreen.xib */ = {
			isa = PBXVariantGroup;
			children = (
				634790DD1BE185FC003A201A /* Base */,
			);
			name = LaunchScreen.xib;
			sourceTree = "<group>";
		};
/* End PBXVariantGroup section */

/* Begin XCBuildConfiguration section */
		634790EB1BE185FC003A201A /* Debug */ = {
			isa = XCBuildConfiguration;
			buildSettings = {
				ALWAYS_SEARCH_USER_PATHS = NO;
				CLANG_CXX_LANGUAGE_STANDARD = "gnu++0x";
				CLANG_CXX_LIBRARY = "libc++";
				CLANG_ENABLE_MODULES = YES;
				CLANG_ENABLE_OBJC_ARC = YES;
				CLANG_WARN_BOOL_CONVERSION = YES;
				CLANG_WARN_CONSTANT_CONVERSION = YES;
				CLANG_WARN_DIRECT_OBJC_ISA_USAGE = YES_ERROR;
				CLANG_WARN_EMPTY_BODY = YES;
				CLANG_WARN_ENUM_CONVERSION = YES;
				CLANG_WARN_INT_CONVERSION = YES;
				CLANG_WARN_OBJC_ROOT_CLASS = YES_ERROR;
				CLANG_WARN_UNREACHABLE_CODE = YES;
				CLANG_WARN__DUPLICATE_METHOD_MATCH = YES;
				"CODE_SIGN_IDENTITY[sdk=iphoneos*]" = "iPhone Developer";
				COPY_PHASE_STRIP = NO;
				ENABLE_STRICT_OBJC_MSGSEND = YES;
				GCC_C_LANGUAGE_STANDARD = gnu99;
				GCC_DYNAMIC_NO_PIC = NO;
				GCC_OPTIMIZATION_LEVEL = 0;
				GCC_PREPROCESSOR_DEFINITIONS = (
					"DEBUG=1",
					"$(inherited)",
				);
				GCC_SYMBOLS_PRIVATE_EXTERN = NO;
				GCC_WARN_64_TO_32_BIT_CONVERSION = YES;
				GCC_WARN_ABOUT_RETURN_TYPE = YES_ERROR;
				GCC_WARN_UNDECLARED_SELECTOR = YES;
				GCC_WARN_UNINITIALIZED_AUTOS = YES_AGGRESSIVE;
				GCC_WARN_UNUSED_FUNCTION = YES;
				GCC_WARN_UNUSED_VARIABLE = YES;
				IPHONEOS_DEPLOYMENT_TARGET = 8.2;
				MTL_ENABLE_DEBUG_INFO = YES;
				ONLY_ACTIVE_ARCH = YES;
				SDKROOT = iphoneos;
				SWIFT_OPTIMIZATION_LEVEL = "-Onone";
			};
			name = Debug;
		};
		634790EC1BE185FC003A201A /* Release */ = {
			isa = XCBuildConfiguration;
			buildSettings = {
				ALWAYS_SEARCH_USER_PATHS = NO;
				CLANG_CXX_LANGUAGE_STANDARD = "gnu++0x";
				CLANG_CXX_LIBRARY = "libc++";
				CLANG_ENABLE_MODULES = YES;
				CLANG_ENABLE_OBJC_ARC = YES;
				CLANG_WARN_BOOL_CONVERSION = YES;
				CLANG_WARN_CONSTANT_CONVERSION = YES;
				CLANG_WARN_DIRECT_OBJC_ISA_USAGE = YES_ERROR;
				CLANG_WARN_EMPTY_BODY = YES;
				CLANG_WARN_ENUM_CONVERSION = YES;
				CLANG_WARN_INT_CONVERSION = YES;
				CLANG_WARN_OBJC_ROOT_CLASS = YES_ERROR;
				CLANG_WARN_UNREACHABLE_CODE = YES;
				CLANG_WARN__DUPLICATE_METHOD_MATCH = YES;
				"CODE_SIGN_IDENTITY[sdk=iphoneos*]" = "iPhone Developer";
				COPY_PHASE_STRIP = NO;
				ENABLE_NS_ASSERTIONS = NO;
				ENABLE_STRICT_OBJC_MSGSEND = YES;
				GCC_C_LANGUAGE_STANDARD = gnu99;
				GCC_WARN_64_TO_32_BIT_CONVERSION = YES;
				GCC_WARN_ABOUT_RETURN_TYPE = YES_ERROR;
				GCC_WARN_UNDECLARED_SELECTOR = YES;
				GCC_WARN_UNINITIALIZED_AUTOS = YES_AGGRESSIVE;
				GCC_WARN_UNUSED_FUNCTION = YES;
				GCC_WARN_UNUSED_VARIABLE = YES;
				IPHONEOS_DEPLOYMENT_TARGET = 8.2;
				MTL_ENABLE_DEBUG_INFO = NO;
				SDKROOT = iphoneos;
				VALIDATE_PRODUCT = YES;
			};
			name = Release;
		};
		634790EE1BE185FC003A201A /* Debug */ = {
			isa = XCBuildConfiguration;
			buildSettings = {
				ASSETCATALOG_COMPILER_APPICON_NAME = AppIcon;
				INFOPLIST_FILE = biv4/Info.plist;
				LD_RUNPATH_SEARCH_PATHS = "$(inherited) @executable_path/Frameworks";
				PRODUCT_NAME = "$(TARGET_NAME)";
			};
			name = Debug;
		};
		634790EF1BE185FC003A201A /* Release */ = {
			isa = XCBuildConfiguration;
			buildSettings = {
				ASSETCATALOG_COMPILER_APPICON_NAME = AppIcon;
				INFOPLIST_FILE = biv4/Info.plist;
				LD_RUNPATH_SEARCH_PATHS = "$(inherited) @executable_path/Frameworks";
				PRODUCT_NAME = "$(TARGET_NAME)";
			};
			name = Release;
		};
		634790F11BE185FC003A201A /* Debug */ = {
			isa = XCBuildConfiguration;
			buildSettings = {
				BUNDLE_LOADER = "$(TEST_HOST)";
				FRAMEWORK_SEARCH_PATHS = (
					"$(SDKROOT)/Developer/Library/Frameworks",
					"$(inherited)",
				);
				GCC_PREPROCESSOR_DEFINITIONS = (
					"DEBUG=1",
					"$(inherited)",
				);
				INFOPLIST_FILE = biv4Tests/Info.plist;
				LD_RUNPATH_SEARCH_PATHS = "$(inherited) @executable_path/Frameworks @loader_path/Frameworks";
				PRODUCT_NAME = "$(TARGET_NAME)";
				TEST_HOST = "$(BUILT_PRODUCTS_DIR)/biv4.app/biv4";
			};
			name = Debug;
		};
		634790F21BE185FC003A201A /* Release */ = {
			isa = XCBuildConfiguration;
			buildSettings = {
				BUNDLE_LOADER = "$(TEST_HOST)";
				FRAMEWORK_SEARCH_PATHS = (
					"$(SDKROOT)/Developer/Library/Frameworks",
					"$(inherited)",
				);
				INFOPLIST_FILE = biv4Tests/Info.plist;
				LD_RUNPATH_SEARCH_PATHS = "$(inherited) @executable_path/Frameworks @loader_path/Frameworks";
				PRODUCT_NAME = "$(TARGET_NAME)";
				TEST_HOST = "$(BUILT_PRODUCTS_DIR)/biv4.app/biv4";
			};
			name = Release;
		};
/* End XCBuildConfiguration section */

/* Begin XCConfigurationList section */
		634790C91BE185FC003A201A /* Build configuration list for PBXProject "biv4" */ = {
			isa = XCConfigurationList;
			buildConfigurations = (
				634790EB1BE185FC003A201A /* Debug */,
				634790EC1BE185FC003A201A /* Release */,
			);
			defaultConfigurationIsVisible = 0;
			defaultConfigurationName = Release;
		};
		634790ED1BE185FC003A201A /* Build configuration list for PBXNativeTarget "biv4" */ = {
			isa = XCConfigurationList;
			buildConfigurations = (
				634790EE1BE185FC003A201A /* Debug */,
				634790EF1BE185FC003A201A /* Release */,
			);
			defaultConfigurationIsVisible = 0;
		};
		634790F01BE185FC003A201A /* Build configuration list for PBXNativeTarget "biv4Tests" */ = {
			isa = XCConfigurationList;
			buildConfigurations = (
				634790F11BE185FC003A201A /* Debug */,
				634790F21BE185FC003A201A /* Release */,
			);
			defaultConfigurationIsVisible = 0;
		};
/* End XCConfigurationList section */
	};
	rootObject = 634790C61BE185FC003A201A /* Project object */;
}
